// !$*UTF8*$!
{
	archiveVersion = 1;
	classes = {
	};
	objectVersion = 50;
	objects = {

/* Begin PBXBuildFile section */
		4F318AE122AC2A51001AE440 /* WaveVisualization.swift in Sources */ = {isa = PBXBuildFile; fileRef = 4F318AE022AC2A51001AE440 /* WaveVisualization.swift */; };
		4F46E4C3223EF41F00DAB719 /* SoundOutputManager.swift in Sources */ = {isa = PBXBuildFile; fileRef = 4F46E4C2223EF41F00DAB719 /* SoundOutputManager.swift */; };
		4F48ED8722359F8800741C6B /* AppDelegate.swift in Sources */ = {isa = PBXBuildFile; fileRef = 4F48ED8622359F8800741C6B /* AppDelegate.swift */; };
		4F48ED8922359F8800741C6B /* ViewController.swift in Sources */ = {isa = PBXBuildFile; fileRef = 4F48ED8822359F8800741C6B /* ViewController.swift */; };
		4F48ED8C22359F8800741C6B /* Main.storyboard in Resources */ = {isa = PBXBuildFile; fileRef = 4F48ED8A22359F8800741C6B /* Main.storyboard */; };
		4F48ED8E22359F8900741C6B /* Assets.xcassets in Resources */ = {isa = PBXBuildFile; fileRef = 4F48ED8D22359F8900741C6B /* Assets.xcassets */; };
		4F48ED9122359F8900741C6B /* LaunchScreen.storyboard in Resources */ = {isa = PBXBuildFile; fileRef = 4F48ED8F22359F8900741C6B /* LaunchScreen.storyboard */; };
		4F48ED9C22359F8A00741C6B /* Pitch_calculatorTests.swift in Sources */ = {isa = PBXBuildFile; fileRef = 4F48ED9B22359F8A00741C6B /* Pitch_calculatorTests.swift */; };
		4F48EDA82235A04300741C6B /* SoundEngine.swift in Sources */ = {isa = PBXBuildFile; fileRef = 4F48EDA72235A04300741C6B /* SoundEngine.swift */; };
		4F67B7EA223ECB3C00508BC1 /* OscillatorViewController.swift in Sources */ = {isa = PBXBuildFile; fileRef = 4F67B7E9223ECB3C00508BC1 /* OscillatorViewController.swift */; };
		4F67B7EC223ECBC900508BC1 /* Oscillator.swift in Sources */ = {isa = PBXBuildFile; fileRef = 4F67B7EB223ECBC900508BC1 /* Oscillator.swift */; };
		4F87B4C42247F491000D266D /* FPOscillator.swift in Sources */ = {isa = PBXBuildFile; fileRef = 4F87B4C32247F491000D266D /* FPOscillator.swift */; };
		4F87B4C62247F54E000D266D /* SoundConstants.swift in Sources */ = {isa = PBXBuildFile; fileRef = 4F87B4C52247F54E000D266D /* SoundConstants.swift */; };
/* End PBXBuildFile section */

/* Begin PBXContainerItemProxy section */
		4F48ED9822359F8A00741C6B /* PBXContainerItemProxy */ = {
			isa = PBXContainerItemProxy;
			containerPortal = 4F48ED7B22359F8800741C6B /* Project object */;
			proxyType = 1;
			remoteGlobalIDString = 4F48ED8222359F8800741C6B;
			remoteInfo = "Pitch calculator";
		};
/* End PBXContainerItemProxy section */

/* Begin PBXFileReference section */
		4F318AE022AC2A51001AE440 /* WaveVisualization.swift */ = {isa = PBXFileReference; lastKnownFileType = sourcecode.swift; path = WaveVisualization.swift; sourceTree = "<group>"; };
		4F46E4C2223EF41F00DAB719 /* SoundOutputManager.swift */ = {isa = PBXFileReference; lastKnownFileType = sourcecode.swift; path = SoundOutputManager.swift; sourceTree = "<group>"; };
		4F48ED8322359F8800741C6B /* Pitch calculator.app */ = {isa = PBXFileReference; explicitFileType = wrapper.application; includeInIndex = 0; path = "Pitch calculator.app"; sourceTree = BUILT_PRODUCTS_DIR; };
		4F48ED8622359F8800741C6B /* AppDelegate.swift */ = {isa = PBXFileReference; lastKnownFileType = sourcecode.swift; path = AppDelegate.swift; sourceTree = "<group>"; };
		4F48ED8822359F8800741C6B /* ViewController.swift */ = {isa = PBXFileReference; lastKnownFileType = sourcecode.swift; path = ViewController.swift; sourceTree = "<group>"; };
		4F48ED8B22359F8800741C6B /* Base */ = {isa = PBXFileReference; lastKnownFileType = file.storyboard; name = Base; path = Base.lproj/Main.storyboard; sourceTree = "<group>"; };
		4F48ED8D22359F8900741C6B /* Assets.xcassets */ = {isa = PBXFileReference; lastKnownFileType = folder.assetcatalog; path = Assets.xcassets; sourceTree = "<group>"; };
		4F48ED9022359F8900741C6B /* Base */ = {isa = PBXFileReference; lastKnownFileType = file.storyboard; name = Base; path = Base.lproj/LaunchScreen.storyboard; sourceTree = "<group>"; };
		4F48ED9222359F8900741C6B /* Info.plist */ = {isa = PBXFileReference; lastKnownFileType = text.plist.xml; path = Info.plist; sourceTree = "<group>"; };
		4F48ED9722359F8A00741C6B /* Pitch calculatorTests.xctest */ = {isa = PBXFileReference; explicitFileType = wrapper.cfbundle; includeInIndex = 0; path = "Pitch calculatorTests.xctest"; sourceTree = BUILT_PRODUCTS_DIR; };
		4F48ED9B22359F8A00741C6B /* Pitch_calculatorTests.swift */ = {isa = PBXFileReference; lastKnownFileType = sourcecode.swift; path = Pitch_calculatorTests.swift; sourceTree = "<group>"; };
		4F48ED9D22359F8A00741C6B /* Info.plist */ = {isa = PBXFileReference; lastKnownFileType = text.plist.xml; path = Info.plist; sourceTree = "<group>"; };
		4F48EDA72235A04300741C6B /* SoundEngine.swift */ = {isa = PBXFileReference; lastKnownFileType = sourcecode.swift; path = SoundEngine.swift; sourceTree = "<group>"; };
		4F67B7E9223ECB3C00508BC1 /* OscillatorViewController.swift */ = {isa = PBXFileReference; lastKnownFileType = sourcecode.swift; path = OscillatorViewController.swift; sourceTree = "<group>"; };
		4F67B7EB223ECBC900508BC1 /* Oscillator.swift */ = {isa = PBXFileReference; lastKnownFileType = sourcecode.swift; path = Oscillator.swift; sourceTree = "<group>"; };
		4F87B4C32247F491000D266D /* FPOscillator.swift */ = {isa = PBXFileReference; lastKnownFileType = sourcecode.swift; path = FPOscillator.swift; sourceTree = "<group>"; };
		4F87B4C52247F54E000D266D /* SoundConstants.swift */ = {isa = PBXFileReference; lastKnownFileType = sourcecode.swift; path = SoundConstants.swift; sourceTree = "<group>"; };
/* End PBXFileReference section */

/* Begin PBXFrameworksBuildPhase section */
		4F48ED8022359F8800741C6B /* Frameworks */ = {
			isa = PBXFrameworksBuildPhase;
			buildActionMask = 2147483647;
			files = (
			);
			runOnlyForDeploymentPostprocessing = 0;
		};
		4F48ED9422359F8A00741C6B /* Frameworks */ = {
			isa = PBXFrameworksBuildPhase;
			buildActionMask = 2147483647;
			files = (
			);
			runOnlyForDeploymentPostprocessing = 0;
		};
/* End PBXFrameworksBuildPhase section */

/* Begin PBXGroup section */
		4F48ED7A22359F8800741C6B = {
			isa = PBXGroup;
			children = (
				4F48ED8522359F8800741C6B /* Pitch calculator */,
				4F48ED9A22359F8A00741C6B /* Pitch calculatorTests */,
				4F48ED8422359F8800741C6B /* Products */,
			);
			sourceTree = "<group>";
		};
		4F48ED8422359F8800741C6B /* Products */ = {
			isa = PBXGroup;
			children = (
				4F48ED8322359F8800741C6B /* Pitch calculator.app */,
				4F48ED9722359F8A00741C6B /* Pitch calculatorTests.xctest */,
			);
			name = Products;
			sourceTree = "<group>";
		};
		4F48ED8522359F8800741C6B /* Pitch calculator */ = {
			isa = PBXGroup;
			children = (
				4F48ED8622359F8800741C6B /* AppDelegate.swift */,
				4F67B7E9223ECB3C00508BC1 /* OscillatorViewController.swift */,
				4F318AE022AC2A51001AE440 /* WaveVisualization.swift */,
				4F48ED8822359F8800741C6B /* ViewController.swift */,
				4F48ED8A22359F8800741C6B /* Main.storyboard */,
				4F48ED8D22359F8900741C6B /* Assets.xcassets */,
				4F48ED8F22359F8900741C6B /* LaunchScreen.storyboard */,
				4F48ED9222359F8900741C6B /* Info.plist */,
				4F48EDA62235A01300741C6B /* Sound */,
			);
			path = "Pitch calculator";
			sourceTree = "<group>";
		};
		4F48ED9A22359F8A00741C6B /* Pitch calculatorTests */ = {
			isa = PBXGroup;
			children = (
				4F48ED9B22359F8A00741C6B /* Pitch_calculatorTests.swift */,
				4F48ED9D22359F8A00741C6B /* Info.plist */,
			);
			path = "Pitch calculatorTests";
			sourceTree = "<group>";
		};
		4F48EDA62235A01300741C6B /* Sound */ = {
			isa = PBXGroup;
			children = (
				4F48EDA72235A04300741C6B /* SoundEngine.swift */,
				4F67B7EB223ECBC900508BC1 /* Oscillator.swift */,
				4F46E4C2223EF41F00DAB719 /* SoundOutputManager.swift */,
				4F87B4C32247F491000D266D /* FPOscillator.swift */,
				4F87B4C52247F54E000D266D /* SoundConstants.swift */,
			);
			path = Sound;
			sourceTree = "<group>";
		};
/* End PBXGroup section */

/* Begin PBXNativeTarget section */
		4F48ED8222359F8800741C6B /* Pitch calculator */ = {
			isa = PBXNativeTarget;
			buildConfigurationList = 4F48EDA022359F8A00741C6B /* Build configuration list for PBXNativeTarget "Pitch calculator" */;
			buildPhases = (
				4F48ED7F22359F8800741C6B /* Sources */,
				4F48ED8022359F8800741C6B /* Frameworks */,
				4F48ED8122359F8800741C6B /* Resources */,
			);
			buildRules = (
			);
			dependencies = (
			);
			name = "Pitch calculator";
			productName = "Pitch calculator";
			productReference = 4F48ED8322359F8800741C6B /* Pitch calculator.app */;
			productType = "com.apple.product-type.application";
		};
		4F48ED9622359F8A00741C6B /* Pitch calculatorTests */ = {
			isa = PBXNativeTarget;
			buildConfigurationList = 4F48EDA322359F8A00741C6B /* Build configuration list for PBXNativeTarget "Pitch calculatorTests" */;
			buildPhases = (
				4F48ED9322359F8A00741C6B /* Sources */,
				4F48ED9422359F8A00741C6B /* Frameworks */,
				4F48ED9522359F8A00741C6B /* Resources */,
			);
			buildRules = (
			);
			dependencies = (
				4F48ED9922359F8A00741C6B /* PBXTargetDependency */,
			);
			name = "Pitch calculatorTests";
			productName = "Pitch calculatorTests";
			productReference = 4F48ED9722359F8A00741C6B /* Pitch calculatorTests.xctest */;
			productType = "com.apple.product-type.bundle.unit-test";
		};
/* End PBXNativeTarget section */

/* Begin PBXProject section */
		4F48ED7B22359F8800741C6B /* Project object */ = {
			isa = PBXProject;
			attributes = {
				LastSwiftUpdateCheck = 1010;
				LastUpgradeCheck = 1010;
				ORGANIZATIONNAME = "Austin Fletcher";
				TargetAttributes = {
					4F48ED8222359F8800741C6B = {
						CreatedOnToolsVersion = 10.1;
					};
					4F48ED9622359F8A00741C6B = {
						CreatedOnToolsVersion = 10.1;
						TestTargetID = 4F48ED8222359F8800741C6B;
					};
				};
			};
			buildConfigurationList = 4F48ED7E22359F8800741C6B /* Build configuration list for PBXProject "Pitch calculator" */;
			compatibilityVersion = "Xcode 9.3";
			developmentRegion = en;
			hasScannedForEncodings = 0;
			knownRegions = (
				en,
				Base,
			);
			mainGroup = 4F48ED7A22359F8800741C6B;
			productRefGroup = 4F48ED8422359F8800741C6B /* Products */;
			projectDirPath = "";
			projectRoot = "";
			targets = (
				4F48ED8222359F8800741C6B /* Pitch calculator */,
				4F48ED9622359F8A00741C6B /* Pitch calculatorTests */,
			);
		};
/* End PBXProject section */

/* Begin PBXResourcesBuildPhase section */
		4F48ED8122359F8800741C6B /* Resources */ = {
			isa = PBXResourcesBuildPhase;
			buildActionMask = 2147483647;
			files = (
				4F48ED9122359F8900741C6B /* LaunchScreen.storyboard in Resources */,
				4F48ED8E22359F8900741C6B /* Assets.xcassets in Resources */,
				4F48ED8C22359F8800741C6B /* Main.storyboard in Resources */,
			);
			runOnlyForDeploymentPostprocessing = 0;
		};
		4F48ED9522359F8A00741C6B /* Resources */ = {
			isa = PBXResourcesBuildPhase;
			buildActionMask = 2147483647;
			files = (
			);
			runOnlyForDeploymentPostprocessing = 0;
		};
/* End PBXResourcesBuildPhase section */

/* Begin PBXSourcesBuildPhase section */
		4F48ED7F22359F8800741C6B /* Sources */ = {
			isa = PBXSourcesBuildPhase;
			buildActionMask = 2147483647;
			files = (
				4F87B4C42247F491000D266D /* FPOscillator.swift in Sources */,
				4F67B7EA223ECB3C00508BC1 /* OscillatorViewController.swift in Sources */,
				4F48ED8922359F8800741C6B /* ViewController.swift in Sources */,
				4F48ED8722359F8800741C6B /* AppDelegate.swift in Sources */,
				4F48EDA82235A04300741C6B /* SoundEngine.swift in Sources */,
				4F87B4C62247F54E000D266D /* SoundConstants.swift in Sources */,
				4F46E4C3223EF41F00DAB719 /* SoundOutputManager.swift in Sources */,
				4F318AE122AC2A51001AE440 /* WaveVisualization.swift in Sources */,
				4F67B7EC223ECBC900508BC1 /* Oscillator.swift in Sources */,
			);
			runOnlyForDeploymentPostprocessing = 0;
		};
		4F48ED9322359F8A00741C6B /* Sources */ = {
			isa = PBXSourcesBuildPhase;
			buildActionMask = 2147483647;
			files = (
				4F48ED9C22359F8A00741C6B /* Pitch_calculatorTests.swift in Sources */,
			);
			runOnlyForDeploymentPostprocessing = 0;
		};
/* End PBXSourcesBuildPhase section */

/* Begin PBXTargetDependency section */
		4F48ED9922359F8A00741C6B /* PBXTargetDependency */ = {
			isa = PBXTargetDependency;
			target = 4F48ED8222359F8800741C6B /* Pitch calculator */;
			targetProxy = 4F48ED9822359F8A00741C6B /* PBXContainerItemProxy */;
		};
/* End PBXTargetDependency section */

/* Begin PBXVariantGroup section */
		4F48ED8A22359F8800741C6B /* Main.storyboard */ = {
			isa = PBXVariantGroup;
			children = (
				4F48ED8B22359F8800741C6B /* Base */,
			);
			name = Main.storyboard;
			sourceTree = "<group>";
		};
		4F48ED8F22359F8900741C6B /* LaunchScreen.storyboard */ = {
			isa = PBXVariantGroup;
			children = (
				4F48ED9022359F8900741C6B /* Base */,
			);
			name = LaunchScreen.storyboard;
			sourceTree = "<group>";
		};
/* End PBXVariantGroup section */

/* Begin XCBuildConfiguration section */
		4F48ED9E22359F8A00741C6B /* Debug */ = {
			isa = XCBuildConfiguration;
			buildSettings = {
				ALWAYS_SEARCH_USER_PATHS = NO;
				CLANG_ANALYZER_NONNULL = YES;
				CLANG_ANALYZER_NUMBER_OBJECT_CONVERSION = YES_AGGRESSIVE;
				CLANG_CXX_LANGUAGE_STANDARD = "gnu++14";
				CLANG_CXX_LIBRARY = "libc++";
				CLANG_ENABLE_MODULES = YES;
				CLANG_ENABLE_OBJC_ARC = YES;
				CLANG_ENABLE_OBJC_WEAK = YES;
				CLANG_WARN_BLOCK_CAPTURE_AUTORELEASING = YES;
				CLANG_WARN_BOOL_CONVERSION = YES;
				CLANG_WARN_COMMA = YES;
				CLANG_WARN_CONSTANT_CONVERSION = YES;
				CLANG_WARN_DEPRECATED_OBJC_IMPLEMENTATIONS = YES;
				CLANG_WARN_DIRECT_OBJC_ISA_USAGE = YES_ERROR;
				CLANG_WARN_DOCUMENTATION_COMMENTS = YES;
				CLANG_WARN_EMPTY_BODY = YES;
				CLANG_WARN_ENUM_CONVERSION = YES;
				CLANG_WARN_INFINITE_RECURSION = YES;
				CLANG_WARN_INT_CONVERSION = YES;
				CLANG_WARN_NON_LITERAL_NULL_CONVERSION = YES;
				CLANG_WARN_OBJC_IMPLICIT_RETAIN_SELF = YES;
				CLANG_WARN_OBJC_LITERAL_CONVERSION = YES;
				CLANG_WARN_OBJC_ROOT_CLASS = YES_ERROR;
				CLANG_WARN_RANGE_LOOP_ANALYSIS = YES;
				CLANG_WARN_STRICT_PROTOTYPES = YES;
				CLANG_WARN_SUSPICIOUS_MOVE = YES;
				CLANG_WARN_UNGUARDED_AVAILABILITY = YES_AGGRESSIVE;
				CLANG_WARN_UNREACHABLE_CODE = YES;
				CLANG_WARN__DUPLICATE_METHOD_MATCH = YES;
				CODE_SIGN_IDENTITY = "iPhone Developer";
				COPY_PHASE_STRIP = NO;
				DEBUG_INFORMATION_FORMAT = dwarf;
				ENABLE_STRICT_OBJC_MSGSEND = YES;
				ENABLE_TESTABILITY = YES;
				GCC_C_LANGUAGE_STANDARD = gnu11;
				GCC_DYNAMIC_NO_PIC = NO;
				GCC_NO_COMMON_BLOCKS = YES;
				GCC_OPTIMIZATION_LEVEL = 0;
				GCC_PREPROCESSOR_DEFINITIONS = (
					"DEBUG=1",
					"$(inherited)",
				);
				GCC_WARN_64_TO_32_BIT_CONVERSION = YES;
				GCC_WARN_ABOUT_RETURN_TYPE = YES_ERROR;
				GCC_WARN_UNDECLARED_SELECTOR = YES;
				GCC_WARN_UNINITIALIZED_AUTOS = YES_AGGRESSIVE;
				GCC_WARN_UNUSED_FUNCTION = YES;
				GCC_WARN_UNUSED_VARIABLE = YES;
				IPHONEOS_DEPLOYMENT_TARGET = 12.1;
				MTL_ENABLE_DEBUG_INFO = INCLUDE_SOURCE;
				MTL_FAST_MATH = YES;
				ONLY_ACTIVE_ARCH = YES;
				SDKROOT = iphoneos;
				SWIFT_ACTIVE_COMPILATION_CONDITIONS = DEBUG;
				SWIFT_OPTIMIZATION_LEVEL = "-Onone";
			};
			name = Debug;
		};
		4F48ED9F22359F8A00741C6B /* Release */ = {
			isa = XCBuildConfiguration;
			buildSettings = {
				ALWAYS_SEARCH_USER_PATHS = NO;
				CLANG_ANALYZER_NONNULL = YES;
				CLANG_ANALYZER_NUMBER_OBJECT_CONVERSION = YES_AGGRESSIVE;
				CLANG_CXX_LANGUAGE_STANDARD = "gnu++14";
				CLANG_CXX_LIBRARY = "libc++";
				CLANG_ENABLE_MODULES = YES;
				CLANG_ENABLE_OBJC_ARC = YES;
				CLANG_ENABLE_OBJC_WEAK = YES;
				CLANG_WARN_BLOCK_CAPTURE_AUTORELEASING = YES;
				CLANG_WARN_BOOL_CONVERSION = YES;
				CLANG_WARN_COMMA = YES;
				CLANG_WARN_CONSTANT_CONVERSION = YES;
				CLANG_WARN_DEPRECATED_OBJC_IMPLEMENTATIONS = YES;
				CLANG_WARN_DIRECT_OBJC_ISA_USAGE = YES_ERROR;
				CLANG_WARN_DOCUMENTATION_COMMENTS = YES;
				CLANG_WARN_EMPTY_BODY = YES;
				CLANG_WARN_ENUM_CONVERSION = YES;
				CLANG_WARN_INFINITE_RECURSION = YES;
				CLANG_WARN_INT_CONVERSION = YES;
				CLANG_WARN_NON_LITERAL_NULL_CONVERSION = YES;
				CLANG_WARN_OBJC_IMPLICIT_RETAIN_SELF = YES;
				CLANG_WARN_OBJC_LITERAL_CONVERSION = YES;
				CLANG_WARN_OBJC_ROOT_CLASS = YES_ERROR;
				CLANG_WARN_RANGE_LOOP_ANALYSIS = YES;
				CLANG_WARN_STRICT_PROTOTYPES = YES;
				CLANG_WARN_SUSPICIOUS_MOVE = YES;
				CLANG_WARN_UNGUARDED_AVAILABILITY = YES_AGGRESSIVE;
				CLANG_WARN_UNREACHABLE_CODE = YES;
				CLANG_WARN__DUPLICATE_METHOD_MATCH = YES;
				CODE_SIGN_IDENTITY = "iPhone Developer";
				COPY_PHASE_STRIP = NO;
				DEBUG_INFORMATION_FORMAT = "dwarf-with-dsym";
				ENABLE_NS_ASSERTIONS = NO;
				ENABLE_STRICT_OBJC_MSGSEND = YES;
				GCC_C_LANGUAGE_STANDARD = gnu11;
				GCC_NO_COMMON_BLOCKS = YES;
				GCC_WARN_64_TO_32_BIT_CONVERSION = YES;
				GCC_WARN_ABOUT_RETURN_TYPE = YES_ERROR;
				GCC_WARN_UNDECLARED_SELECTOR = YES;
				GCC_WARN_UNINITIALIZED_AUTOS = YES_AGGRESSIVE;
				GCC_WARN_UNUSED_FUNCTION = YES;
				GCC_WARN_UNUSED_VARIABLE = YES;
				IPHONEOS_DEPLOYMENT_TARGET = 12.1;
				MTL_ENABLE_DEBUG_INFO = NO;
				MTL_FAST_MATH = YES;
				SDKROOT = iphoneos;
				SWIFT_COMPILATION_MODE = wholemodule;
				SWIFT_OPTIMIZATION_LEVEL = "-O";
				VALIDATE_PRODUCT = YES;
			};
			name = Release;
		};
		4F48EDA122359F8A00741C6B /* Debug */ = {
			isa = XCBuildConfiguration;
			buildSettings = {
				ASSETCATALOG_COMPILER_APPICON_NAME = AppIcon;
				CODE_SIGN_STYLE = Automatic;
				DEVELOPMENT_TEAM = 9K26M7235C;
				INFOPLIST_FILE = "Pitch calculator/Info.plist";
				IPHONEOS_DEPLOYMENT_TARGET = 13.0;
				LD_RUNPATH_SEARCH_PATHS = (
					"$(inherited)",
					"@executable_path/Frameworks",
				);
				PRODUCT_BUNDLE_IDENTIFIER = "com.austinfletcher.Pitch-calculator";
				PRODUCT_NAME = "$(TARGET_NAME)";
				SWIFT_VERSION = 4.2;
				TARGETED_DEVICE_FAMILY = "1,2";
			};
			name = Debug;
		};
		4F48EDA222359F8A00741C6B /* Release */ = {
			isa = XCBuildConfiguration;
			buildSettings = {
				ASSETCATALOG_COMPILER_APPICON_NAME = AppIcon;
				CODE_SIGN_STYLE = Automatic;
				DEVELOPMENT_TEAM = 9K26M7235C;
				INFOPLIST_FILE = "Pitch calculator/Info.plist";
				IPHONEOS_DEPLOYMENT_TARGET = 13.0;
				LD_RUNPATH_SEARCH_PATHS = (
					"$(inherited)",
					"@executable_path/Frameworks",
				);
				PRODUCT_BUNDLE_IDENTIFIER = "com.austinfletcher.Pitch-calculator";
				PRODUCT_NAME = "$(TARGET_NAME)";
				SWIFT_VERSION = 4.2;
				TARGETED_DEVICE_FAMILY = "1,2";
			};
			name = Release;
		};
		4F48EDA422359F8A00741C6B /* Debug */ = {
			isa = XCBuildConfiguration;
			buildSettings = {
				ALWAYS_EMBED_SWIFT_STANDARD_LIBRARIES = YES;
				BUNDLE_LOADER = "$(TEST_HOST)";
				CODE_SIGN_STYLE = Automatic;
				DEVELOPMENT_TEAM = 9AS6X9K4PV;
				INFOPLIST_FILE = "Pitch calculatorTests/Info.plist";
				LD_RUNPATH_SEARCH_PATHS = (
					"$(inherited)",
					"@executable_path/Frameworks",
					"@loader_path/Frameworks",
				);
				PRODUCT_BUNDLE_IDENTIFIER = "com.austinfletcher.Pitch-calculatorTests";
				PRODUCT_NAME = "$(TARGET_NAME)";
				SWIFT_VERSION = 4.2;
				TARGETED_DEVICE_FAMILY = "1,2";
				TEST_HOST = "$(BUILT_PRODUCTS_DIR)/Pitch calculator.app/Pitch calculator";
			};
			name = Debug;
		};
		4F48EDA522359F8A00741C6B /* Release */ = {
			isa = XCBuildConfiguration;
			buildSettings = {
				ALWAYS_EMBED_SWIFT_STANDARD_LIBRARIES = YES;
				BUNDLE_LOADER = "$(TEST_HOST)";
				CODE_SIGN_STYLE = Automatic;
				DEVELOPMENT_TEAM = 9AS6X9K4PV;
				INFOPLIST_FILE = "Pitch calculatorTests/Info.plist";
				LD_RUNPATH_SEARCH_PATHS = (
					"$(inherited)",
					"@executable_path/Frameworks",
					"@loader_path/Frameworks",
				);
				PRODUCT_BUNDLE_IDENTIFIER = "com.austinfletcher.Pitch-calculatorTests";
				PRODUCT_NAME = "$(TARGET_NAME)";
				SWIFT_VERSION = 4.2;
				TARGETED_DEVICE_FAMILY = "1,2";
				TEST_HOST = "$(BUILT_PRODUCTS_DIR)/Pitch calculator.app/Pitch calculator";
			};
			name = Release;
		};
/* End XCBuildConfiguration section */

/* Begin XCConfigurationList section */
		4F48ED7E22359F8800741C6B /* Build configuration list for PBXProject "Pitch calculator" */ = {
			isa = XCConfigurationList;
			buildConfigurations = (
				4F48ED9E22359F8A00741C6B /* Debug */,
				4F48ED9F22359F8A00741C6B /* Release */,
			);
			defaultConfigurationIsVisible = 0;
			defaultConfigurationName = Release;
		};
		4F48EDA022359F8A00741C6B /* Build configuration list for PBXNativeTarget "Pitch calculator" */ = {
			isa = XCConfigurationList;
			buildConfigurations = (
				4F48EDA122359F8A00741C6B /* Debug */,
				4F48EDA222359F8A00741C6B /* Release */,
			);
			defaultConfigurationIsVisible = 0;
			defaultConfigurationName = Release;
		};
		4F48EDA322359F8A00741C6B /* Build configuration list for PBXNativeTarget "Pitch calculatorTests" */ = {
			isa = XCConfigurationList;
			buildConfigurations = (
				4F48EDA422359F8A00741C6B /* Debug */,
				4F48EDA522359F8A00741C6B /* Release */,
			);
			defaultConfigurationIsVisible = 0;
			defaultConfigurationName = Release;
		};
/* End XCConfigurationList section */
	};
	rootObject = 4F48ED7B22359F8800741C6B /* Project object */;
}
